
Microsoft Visual Studio Solution File, Format Version 12.00
# Visual Studio Version 17
VisualStudioVersion = 17.12.35424.110 d17.12
MinimumVisualStudioVersion = 10.0.40219.1
Project("{2150E333-8FDC-42A3-9474-1A3956D46DE8}") = "src", "src", "{7322FA44-4916-4B6A-BC63-F823C88CBF63}"
EndProject
Project("{FAE04EC0-301F-11D3-BF4B-00C04F79EFBC}") = "Orleans3App", "src\Orleans3App\Orleans3App.csproj", "{764FDC69-047E-4A68-B48B-783EDB3EA9E2}"
EndProject
Project("{FAE04EC0-301F-11D3-BF4B-00C04F79EFBC}") = "Orleans8App", "src\Orleans8App\Orleans8App.csproj", "{39A6B5D5-A61F-420E-AA24-ED55BA8F95A6}"
EndProject
Project("{FAE04EC0-301F-11D3-BF4B-00C04F79EFBC}") = "Shared", "src\Shared\Shared.csproj", "{ABF8B342-68E8-4A24-904B-EB12574F2FB0}"
EndProject
Global
	GlobalSection(SolutionConfigurationPlatforms) = preSolution
		Debug|Any CPU = Debug|Any CPU
		Release|Any CPU = Release|Any CPU
	EndGlobalSection
	GlobalSection(ProjectConfigurationPlatforms) = postSolution
		{764FDC69-047E-4A68-B48B-783EDB3EA9E2}.Debug|Any CPU.ActiveCfg = Debug|Any CPU
		{764FDC69-047E-4A68-B48B-783EDB3EA9E2}.Debug|Any CPU.Build.0 = Debug|Any CPU
		{764FDC69-047E-4A68-B48B-783EDB3EA9E2}.Release|Any CPU.ActiveCfg = Release|Any CPU
		{764FDC69-047E-4A68-B48B-783EDB3EA9E2}.Release|Any CPU.Build.0 = Release|Any CPU
		{39A6B5D5-A61F-420E-AA24-ED55BA8F95A6}.Debug|Any CPU.ActiveCfg = Debug|Any CPU
		{39A6B5D5-A61F-420E-AA24-ED55BA8F95A6}.Debug|Any CPU.Build.0 = Debug|Any CPU
		{39A6B5D5-A61F-420E-AA24-ED55BA8F95A6}.Release|Any CPU.ActiveCfg = Release|Any CPU
		{39A6B5D5-A61F-420E-AA24-ED55BA8F95A6}.Release|Any CPU.Build.0 = Release|Any CPU
		{ABF8B342-68E8-4A24-904B-EB12574F2FB0}.Debug|Any CPU.ActiveCfg = Debug|Any CPU
		{ABF8B342-68E8-4A24-904B-EB12574F2FB0}.Debug|Any CPU.Build.0 = Debug|Any CPU
		{ABF8B342-68E8-4A24-904B-EB12574F2FB0}.Release|Any CPU.ActiveCfg = Release|Any CPU
		{ABF8B342-68E8-4A24-904B-EB12574F2FB0}.Release|Any CPU.Build.0 = Release|Any CPU
	EndGlobalSection
	GlobalSection(SolutionProperties) = preSolution
		HideSolutionNode = FALSE
	EndGlobalSection
	GlobalSection(NestedProjects) = preSolution
		{764FDC69-047E-4A68-B48B-783EDB3EA9E2} = {7322FA44-4916-4B6A-BC63-F823C88CBF63}
		{39A6B5D5-A61F-420E-AA24-ED55BA8F95A6} = {7322FA44-4916-4B6A-BC63-F823C88CBF63}
		{ABF8B342-68E8-4A24-904B-EB12574F2FB0} = {7322FA44-4916-4B6A-BC63-F823C88CBF63}
	EndGlobalSection
EndGlobal
